
Microsoft Visual Studio Solution File, Format Version 12.00
# Visual Studio Version 16
VisualStudioVersion = 16.0.29418.71
MinimumVisualStudioVersion = 10.0.40219.1
Project("{9A19103F-16F7-4668-BE54-9A1E7A4F7556}") = "Lab4", "Lab4\Lab4.csproj", "{83FEE2EE-476A-49E7-8162-570C3D016994}"
EndProject
Project("{FAE04EC0-301F-11D3-BF4B-00C04F79EFBC}") = "AplikacjaDrużynowa", "AplikacjaDrużynowa\AplikacjaDrużynowa.csproj", "{841FE8FA-F9A3-4628-B4B2-46E517F6E769}"
	ProjectSection(ProjectDependencies) = postProject
		{83FEE2EE-476A-49E7-8162-570C3D016994} = {83FEE2EE-476A-49E7-8162-570C3D016994}
	EndProjectSection
EndProject
Global
	GlobalSection(SolutionConfigurationPlatforms) = preSolution
		Debug|Any CPU = Debug|Any CPU
		Release|Any CPU = Release|Any CPU
	EndGlobalSection
	GlobalSection(ProjectConfigurationPlatforms) = postSolution
		{83FEE2EE-476A-49E7-8162-570C3D016994}.Debug|Any CPU.ActiveCfg = Debug|Any CPU
		{83FEE2EE-476A-49E7-8162-570C3D016994}.Debug|Any CPU.Build.0 = Debug|Any CPU
		{83FEE2EE-476A-49E7-8162-570C3D016994}.Release|Any CPU.ActiveCfg = Release|Any CPU
		{83FEE2EE-476A-49E7-8162-570C3D016994}.Release|Any CPU.Build.0 = Release|Any CPU
		{841FE8FA-F9A3-4628-B4B2-46E517F6E769}.Debug|Any CPU.ActiveCfg = Debug|Any CPU
		{841FE8FA-F9A3-4628-B4B2-46E517F6E769}.Debug|Any CPU.Build.0 = Debug|Any CPU
		{841FE8FA-F9A3-4628-B4B2-46E517F6E769}.Release|Any CPU.ActiveCfg = Release|Any CPU
		{841FE8FA-F9A3-4628-B4B2-46E517F6E769}.Release|Any CPU.Build.0 = Release|Any CPU
	EndGlobalSection
	GlobalSection(SolutionProperties) = preSolution
		HideSolutionNode = FALSE
	EndGlobalSection
	GlobalSection(ExtensibilityGlobals) = postSolution
		SolutionGuid = {B7B0554C-8070-4BAF-8B1B-79EC754143FC}
	EndGlobalSection
EndGlobal
